
Microsoft Visual Studio Solution File, Format Version 12.00
# Visual Studio Version 18
VisualStudioVersion = 18.0.11116.177
MinimumVisualStudioVersion = 10.0.40219.1
Project("{2150E333-8FDC-42A3-9474-1A3956D46DE8}") = "src", "src", "{02EA681E-C7D8-13C7-8484-4AC65E1B71E8}"
EndProject
Project("{2150E333-8FDC-42A3-9474-1A3956D46DE8}") = "tests", "tests", "{40619871-15FF-4F09-AF44-2CC938858F1E}"
EndProject
Project("{2150E333-8FDC-42A3-9474-1A3956D46DE8}") = "samples", "samples", "{1277EFD5-C57E-4BEF-92E1-983FB18031A6}"
EndProject
Project("{FAE04EC0-301F-11D3-BF4B-00C04F79EFBC}") = "Arcanic.Mediator.Command", "src\Arcanic.Mediator.Command\Arcanic.Mediator.Command.csproj", "{F1A37AFE-3E00-4A8F-96F5-14C9A9713648}"
EndProject
Project("{FAE04EC0-301F-11D3-BF4B-00C04F79EFBC}") = "Arcanic.Mediator.Query", "src\Arcanic.Mediator.Query\Arcanic.Mediator.Query.csproj", "{7F203FC4-EEF5-4640-A00C-54537933CB60}"
EndProject
Project("{FAE04EC0-301F-11D3-BF4B-00C04F79EFBC}") = "Arcanic.Mediator.Command.Abstractions", "src\Arcanic.Mediator.Command.Abstractions\Arcanic.Mediator.Command.Abstractions.csproj", "{B3C333FD-F115-4D66-B7D4-381D33647F59}"
EndProject
Project("{FAE04EC0-301F-11D3-BF4B-00C04F79EFBC}") = "Arcanic.Mediator.Query.Abstractions", "src\Arcanic.Mediator.Query.Abstractions\Arcanic.Mediator.Query.Abstractions.csproj", "{BDE47050-82BC-46D8-87A1-6B14D1E10C64}"
EndProject
Project("{FAE04EC0-301F-11D3-BF4B-00C04F79EFBC}") = "Arcanic.Mediator.Samples.WebApi.Web", "samples\WebApi\Arcanic.Mediator.Samples.WebApi.Web\Arcanic.Mediator.Samples.WebApi.Web.csproj", "{48F2CD83-B3F1-4647-93AD-7490416B6F5B}"
EndProject
Project("{2150E333-8FDC-42A3-9474-1A3956D46DE8}") = "Modules", "Modules", "{8D0420D2-CC28-45A4-BD12-6C13679E550B}"
EndProject
Project("{2150E333-8FDC-42A3-9474-1A3956D46DE8}") = "Command", "Command", "{D751C52A-13D1-4011-8141-CC40DEAF8DD6}"
EndProject
Project("{2150E333-8FDC-42A3-9474-1A3956D46DE8}") = "Query", "Query", "{97D4F0F0-CE67-40BA-8D02-F5C4C35C0316}"
EndProject
Project("{2150E333-8FDC-42A3-9474-1A3956D46DE8}") = "Event", "Event", "{05B9E164-6C65-4CB9-B0CC-D553A2260A53}"
EndProject
Project("{2150E333-8FDC-42A3-9474-1A3956D46DE8}") = "Messaging", "Messaging", "{3D63F5AB-77A4-44D0-ADDE-2A53DE5BB4A6}"
EndProject
Project("{FAE04EC0-301F-11D3-BF4B-00C04F79EFBC}") = "Arcanic.Mediator.Messaging", "src\Arcanic.Mediator.Messaging\Arcanic.Mediator.Messaging.csproj", "{D57381C2-EC8E-4BFB-8F48-F789F2B960EE}"
EndProject
Project("{FAE04EC0-301F-11D3-BF4B-00C04F79EFBC}") = "Arcanic.Mediator.Messaging.Abstractions", "src\Arcanic.Mediator.Messaging.Abstractions\Arcanic.Mediator.Messaging.Abstractions.csproj", "{171B6086-B5D4-4398-80B0-50AC14C1C122}"
EndProject
Project("{FAE04EC0-301F-11D3-BF4B-00C04F79EFBC}") = "Arcanic.Mediator.Event", "src\Arcanic.Mediator.Event\Arcanic.Mediator.Event.csproj", "{A930765A-96DE-4640-8CBB-936A5F5E61F7}"
EndProject
Project("{FAE04EC0-301F-11D3-BF4B-00C04F79EFBC}") = "Arcanic.Mediator.Event.Abstractions", "src\Arcanic.Mediator.Event.Abstractions\Arcanic.Mediator.Event.Abstractions.csproj", "{8BDEE57A-1E37-489C-8B5F-09E308B0CCC7}"
EndProject
Project("{FAE04EC0-301F-11D3-BF4B-00C04F79EFBC}") = "Arcanic.Mediator.Abstractions", "src\Arcanic.Mediator.Abstractions\Arcanic.Mediator.Abstractions.csproj", "{BA5A2BF5-1CCE-4984-913E-4D9BF3AC089F}"
EndProject
Project("{FAE04EC0-301F-11D3-BF4B-00C04F79EFBC}") = "Arcanic.Mediator", "src\Arcanic.Mediator\Arcanic.Mediator.csproj", "{01BAF28A-AD7E-45A7-975B-CAAC0D15E950}"
EndProject
Project("{2150E333-8FDC-42A3-9474-1A3956D46DE8}") = "WebApi", "WebApi", "{1D81969C-7F54-4C2C-B436-3704DBA7AA6F}"
EndProject
Project("{FAE04EC0-301F-11D3-BF4B-00C04F79EFBC}") = "Arcanic.Mediator.Sample.WebApi.Application", "samples\WebApi\Arcanic.Mediator.Sample.WebApi.Application\Arcanic.Mediator.Sample.WebApi.Application.csproj", "{32651E31-9E0A-4431-8106-F3A1554E5612}"
EndProject
Project("{FAE04EC0-301F-11D3-BF4B-00C04F79EFBC}") = "Arcanic.Mediator.Sample.WebApi.Domain", "samples\WebApi\Arcanic.Mediator.Sample.WebApi.Domain\Arcanic.Mediator.Sample.WebApi.Domain.csproj", "{43995D5C-4ACB-4218-A4DE-A0EC6484C63A}"
EndProject
Project("{FAE04EC0-301F-11D3-BF4B-00C04F79EFBC}") = "Arcanic.Mediator.Sample.WebApi.Infrastructure", "samples\WebApi\Arcanic.Mediator.Sample.WebApi.Infrastructure\Arcanic.Mediator.Sample.WebApi.Infrastructure.csproj", "{7A3C224F-3440-403E-BFB5-1A94F7586832}"
EndProject
Project("{2150E333-8FDC-42A3-9474-1A3956D46DE8}") = "benchmarks", "benchmarks", "{66320409-64EC-F7C5-3DEF-65E7510DAAD1}"
EndProject
Project("{FAE04EC0-301F-11D3-BF4B-00C04F79EFBC}") = "Arcanic.Mediator.Benchmarks", "benchmarks\Arcanic.Mediator.Benchmarks\Arcanic.Mediator.Benchmarks.csproj", "{B0A3888B-8FD7-4586-A59D-5786C6520A64}"
EndProject
Global
	GlobalSection(SolutionConfigurationPlatforms) = preSolution
		Debug|Any CPU = Debug|Any CPU
		Debug|x64 = Debug|x64
		Debug|x86 = Debug|x86
		Release|Any CPU = Release|Any CPU
		Release|x64 = Release|x64
		Release|x86 = Release|x86
	EndGlobalSection
	GlobalSection(ProjectConfigurationPlatforms) = postSolution
		{F1A37AFE-3E00-4A8F-96F5-14C9A9713648}.Debug|Any CPU.ActiveCfg = Debug|Any CPU
		{F1A37AFE-3E00-4A8F-96F5-14C9A9713648}.Debug|Any CPU.Build.0 = Debug|Any CPU
		{F1A37AFE-3E00-4A8F-96F5-14C9A9713648}.Debug|x64.ActiveCfg = Debug|Any CPU
		{F1A37AFE-3E00-4A8F-96F5-14C9A9713648}.Debug|x64.Build.0 = Debug|Any CPU
		{F1A37AFE-3E00-4A8F-96F5-14C9A9713648}.Debug|x86.ActiveCfg = Debug|Any CPU
		{F1A37AFE-3E00-4A8F-96F5-14C9A9713648}.Debug|x86.Build.0 = Debug|Any CPU
		{F1A37AFE-3E00-4A8F-96F5-14C9A9713648}.Release|Any CPU.ActiveCfg = Release|Any CPU
		{F1A37AFE-3E00-4A8F-96F5-14C9A9713648}.Release|Any CPU.Build.0 = Release|Any CPU
		{F1A37AFE-3E00-4A8F-96F5-14C9A9713648}.Release|x64.ActiveCfg = Release|Any CPU
		{F1A37AFE-3E00-4A8F-96F5-14C9A9713648}.Release|x64.Build.0 = Release|Any CPU
		{F1A37AFE-3E00-4A8F-96F5-14C9A9713648}.Release|x86.ActiveCfg = Release|Any CPU
		{F1A37AFE-3E00-4A8F-96F5-14C9A9713648}.Release|x86.Build.0 = Release|Any CPU
		{7F203FC4-EEF5-4640-A00C-54537933CB60}.Debug|Any CPU.ActiveCfg = Debug|Any CPU
		{7F203FC4-EEF5-4640-A00C-54537933CB60}.Debug|Any CPU.Build.0 = Debug|Any CPU
		{7F203FC4-EEF5-4640-A00C-54537933CB60}.Debug|x64.ActiveCfg = Debug|Any CPU
		{7F203FC4-EEF5-4640-A00C-54537933CB60}.Debug|x64.Build.0 = Debug|Any CPU
		{7F203FC4-EEF5-4640-A00C-54537933CB60}.Debug|x86.ActiveCfg = Debug|Any CPU
		{7F203FC4-EEF5-4640-A00C-54537933CB60}.Debug|x86.Build.0 = Debug|Any CPU
		{7F203FC4-EEF5-4640-A00C-54537933CB60}.Release|Any CPU.ActiveCfg = Release|Any CPU
		{7F203FC4-EEF5-4640-A00C-54537933CB60}.Release|Any CPU.Build.0 = Release|Any CPU
		{7F203FC4-EEF5-4640-A00C-54537933CB60}.Release|x64.ActiveCfg = Release|Any CPU
		{7F203FC4-EEF5-4640-A00C-54537933CB60}.Release|x64.Build.0 = Release|Any CPU
		{7F203FC4-EEF5-4640-A00C-54537933CB60}.Release|x86.ActiveCfg = Release|Any CPU
		{7F203FC4-EEF5-4640-A00C-54537933CB60}.Release|x86.Build.0 = Release|Any CPU
		{B3C333FD-F115-4D66-B7D4-381D33647F59}.Debug|Any CPU.ActiveCfg = Debug|Any CPU
		{B3C333FD-F115-4D66-B7D4-381D33647F59}.Debug|Any CPU.Build.0 = Debug|Any CPU
		{B3C333FD-F115-4D66-B7D4-381D33647F59}.Debug|x64.ActiveCfg = Debug|Any CPU
		{B3C333FD-F115-4D66-B7D4-381D33647F59}.Debug|x64.Build.0 = Debug|Any CPU
		{B3C333FD-F115-4D66-B7D4-381D33647F59}.Debug|x86.ActiveCfg = Debug|Any CPU
		{B3C333FD-F115-4D66-B7D4-381D33647F59}.Debug|x86.Build.0 = Debug|Any CPU
		{B3C333FD-F115-4D66-B7D4-381D33647F59}.Release|Any CPU.ActiveCfg = Release|Any CPU
		{B3C333FD-F115-4D66-B7D4-381D33647F59}.Release|Any CPU.Build.0 = Release|Any CPU
		{B3C333FD-F115-4D66-B7D4-381D33647F59}.Release|x64.ActiveCfg = Release|Any CPU
		{B3C333FD-F115-4D66-B7D4-381D33647F59}.Release|x64.Build.0 = Release|Any CPU
		{B3C333FD-F115-4D66-B7D4-381D33647F59}.Release|x86.ActiveCfg = Release|Any CPU
		{B3C333FD-F115-4D66-B7D4-381D33647F59}.Release|x86.Build.0 = Release|Any CPU
		{BDE47050-82BC-46D8-87A1-6B14D1E10C64}.Debug|Any CPU.ActiveCfg = Debug|Any CPU
		{BDE47050-82BC-46D8-87A1-6B14D1E10C64}.Debug|Any CPU.Build.0 = Debug|Any CPU
		{BDE47050-82BC-46D8-87A1-6B14D1E10C64}.Debug|x64.ActiveCfg = Debug|Any CPU
		{BDE47050-82BC-46D8-87A1-6B14D1E10C64}.Debug|x64.Build.0 = Debug|Any CPU
		{BDE47050-82BC-46D8-87A1-6B14D1E10C64}.Debug|x86.ActiveCfg = Debug|Any CPU
		{BDE47050-82BC-46D8-87A1-6B14D1E10C64}.Debug|x86.Build.0 = Debug|Any CPU
		{BDE47050-82BC-46D8-87A1-6B14D1E10C64}.Release|Any CPU.ActiveCfg = Release|Any CPU
		{BDE47050-82BC-46D8-87A1-6B14D1E10C64}.Release|Any CPU.Build.0 = Release|Any CPU
		{BDE47050-82BC-46D8-87A1-6B14D1E10C64}.Release|x64.ActiveCfg = Release|Any CPU
		{BDE47050-82BC-46D8-87A1-6B14D1E10C64}.Release|x64.Build.0 = Release|Any CPU
		{BDE47050-82BC-46D8-87A1-6B14D1E10C64}.Release|x86.ActiveCfg = Release|Any CPU
		{BDE47050-82BC-46D8-87A1-6B14D1E10C64}.Release|x86.Build.0 = Release|Any CPU
		{48F2CD83-B3F1-4647-93AD-7490416B6F5B}.Debug|Any CPU.ActiveCfg = Debug|Any CPU
		{48F2CD83-B3F1-4647-93AD-7490416B6F5B}.Debug|Any CPU.Build.0 = Debug|Any CPU
		{48F2CD83-B3F1-4647-93AD-7490416B6F5B}.Debug|x64.ActiveCfg = Debug|Any CPU
		{48F2CD83-B3F1-4647-93AD-7490416B6F5B}.Debug|x64.Build.0 = Debug|Any CPU
		{48F2CD83-B3F1-4647-93AD-7490416B6F5B}.Debug|x86.ActiveCfg = Debug|Any CPU
		{48F2CD83-B3F1-4647-93AD-7490416B6F5B}.Debug|x86.Build.0 = Debug|Any CPU
		{48F2CD83-B3F1-4647-93AD-7490416B6F5B}.Release|Any CPU.ActiveCfg = Release|Any CPU
		{48F2CD83-B3F1-4647-93AD-7490416B6F5B}.Release|Any CPU.Build.0 = Release|Any CPU
		{48F2CD83-B3F1-4647-93AD-7490416B6F5B}.Release|x64.ActiveCfg = Release|Any CPU
		{48F2CD83-B3F1-4647-93AD-7490416B6F5B}.Release|x64.Build.0 = Release|Any CPU
		{48F2CD83-B3F1-4647-93AD-7490416B6F5B}.Release|x86.ActiveCfg = Release|Any CPU
		{48F2CD83-B3F1-4647-93AD-7490416B6F5B}.Release|x86.Build.0 = Release|Any CPU
		{D57381C2-EC8E-4BFB-8F48-F789F2B960EE}.Debug|Any CPU.ActiveCfg = Debug|Any CPU
		{D57381C2-EC8E-4BFB-8F48-F789F2B960EE}.Debug|Any CPU.Build.0 = Debug|Any CPU
		{D57381C2-EC8E-4BFB-8F48-F789F2B960EE}.Debug|x64.ActiveCfg = Debug|Any CPU
		{D57381C2-EC8E-4BFB-8F48-F789F2B960EE}.Debug|x64.Build.0 = Debug|Any CPU
		{D57381C2-EC8E-4BFB-8F48-F789F2B960EE}.Debug|x86.ActiveCfg = Debug|Any CPU
		{D57381C2-EC8E-4BFB-8F48-F789F2B960EE}.Debug|x86.Build.0 = Debug|Any CPU
		{D57381C2-EC8E-4BFB-8F48-F789F2B960EE}.Release|Any CPU.ActiveCfg = Release|Any CPU
		{D57381C2-EC8E-4BFB-8F48-F789F2B960EE}.Release|Any CPU.Build.0 = Release|Any CPU
		{D57381C2-EC8E-4BFB-8F48-F789F2B960EE}.Release|x64.ActiveCfg = Release|Any CPU
		{D57381C2-EC8E-4BFB-8F48-F789F2B960EE}.Release|x64.Build.0 = Release|Any CPU
		{D57381C2-EC8E-4BFB-8F48-F789F2B960EE}.Release|x86.ActiveCfg = Release|Any CPU
		{D57381C2-EC8E-4BFB-8F48-F789F2B960EE}.Release|x86.Build.0 = Release|Any CPU
		{171B6086-B5D4-4398-80B0-50AC14C1C122}.Debug|Any CPU.ActiveCfg = Debug|Any CPU
		{171B6086-B5D4-4398-80B0-50AC14C1C122}.Debug|Any CPU.Build.0 = Debug|Any CPU
		{171B6086-B5D4-4398-80B0-50AC14C1C122}.Debug|x64.ActiveCfg = Debug|Any CPU
		{171B6086-B5D4-4398-80B0-50AC14C1C122}.Debug|x64.Build.0 = Debug|Any CPU
		{171B6086-B5D4-4398-80B0-50AC14C1C122}.Debug|x86.ActiveCfg = Debug|Any CPU
		{171B6086-B5D4-4398-80B0-50AC14C1C122}.Debug|x86.Build.0 = Debug|Any CPU
		{171B6086-B5D4-4398-80B0-50AC14C1C122}.Release|Any CPU.ActiveCfg = Release|Any CPU
		{171B6086-B5D4-4398-80B0-50AC14C1C122}.Release|Any CPU.Build.0 = Release|Any CPU
		{171B6086-B5D4-4398-80B0-50AC14C1C122}.Release|x64.ActiveCfg = Release|Any CPU
		{171B6086-B5D4-4398-80B0-50AC14C1C122}.Release|x64.Build.0 = Release|Any CPU
		{171B6086-B5D4-4398-80B0-50AC14C1C122}.Release|x86.ActiveCfg = Release|Any CPU
		{171B6086-B5D4-4398-80B0-50AC14C1C122}.Release|x86.Build.0 = Release|Any CPU
		{A930765A-96DE-4640-8CBB-936A5F5E61F7}.Debug|Any CPU.ActiveCfg = Debug|Any CPU
		{A930765A-96DE-4640-8CBB-936A5F5E61F7}.Debug|Any CPU.Build.0 = Debug|Any CPU
		{A930765A-96DE-4640-8CBB-936A5F5E61F7}.Debug|x64.ActiveCfg = Debug|Any CPU
		{A930765A-96DE-4640-8CBB-936A5F5E61F7}.Debug|x64.Build.0 = Debug|Any CPU
		{A930765A-96DE-4640-8CBB-936A5F5E61F7}.Debug|x86.ActiveCfg = Debug|Any CPU
		{A930765A-96DE-4640-8CBB-936A5F5E61F7}.Debug|x86.Build.0 = Debug|Any CPU
		{A930765A-96DE-4640-8CBB-936A5F5E61F7}.Release|Any CPU.ActiveCfg = Release|Any CPU
		{A930765A-96DE-4640-8CBB-936A5F5E61F7}.Release|Any CPU.Build.0 = Release|Any CPU
		{A930765A-96DE-4640-8CBB-936A5F5E61F7}.Release|x64.ActiveCfg = Release|Any CPU
		{A930765A-96DE-4640-8CBB-936A5F5E61F7}.Release|x64.Build.0 = Release|Any CPU
		{A930765A-96DE-4640-8CBB-936A5F5E61F7}.Release|x86.ActiveCfg = Release|Any CPU
		{A930765A-96DE-4640-8CBB-936A5F5E61F7}.Release|x86.Build.0 = Release|Any CPU
		{8BDEE57A-1E37-489C-8B5F-09E308B0CCC7}.Debug|Any CPU.ActiveCfg = Debug|Any CPU
		{8BDEE57A-1E37-489C-8B5F-09E308B0CCC7}.Debug|Any CPU.Build.0 = Debug|Any CPU
		{8BDEE57A-1E37-489C-8B5F-09E308B0CCC7}.Debug|x64.ActiveCfg = Debug|Any CPU
		{8BDEE57A-1E37-489C-8B5F-09E308B0CCC7}.Debug|x64.Build.0 = Debug|Any CPU
		{8BDEE57A-1E37-489C-8B5F-09E308B0CCC7}.Debug|x86.ActiveCfg = Debug|Any CPU
		{8BDEE57A-1E37-489C-8B5F-09E308B0CCC7}.Debug|x86.Build.0 = Debug|Any CPU
		{8BDEE57A-1E37-489C-8B5F-09E308B0CCC7}.Release|Any CPU.ActiveCfg = Release|Any CPU
		{8BDEE57A-1E37-489C-8B5F-09E308B0CCC7}.Release|Any CPU.Build.0 = Release|Any CPU
		{8BDEE57A-1E37-489C-8B5F-09E308B0CCC7}.Release|x64.ActiveCfg = Release|Any CPU
		{8BDEE57A-1E37-489C-8B5F-09E308B0CCC7}.Release|x64.Build.0 = Release|Any CPU
		{8BDEE57A-1E37-489C-8B5F-09E308B0CCC7}.Release|x86.ActiveCfg = Release|Any CPU
		{8BDEE57A-1E37-489C-8B5F-09E308B0CCC7}.Release|x86.Build.0 = Release|Any CPU
		{BA5A2BF5-1CCE-4984-913E-4D9BF3AC089F}.Debug|Any CPU.ActiveCfg = Debug|Any CPU
		{BA5A2BF5-1CCE-4984-913E-4D9BF3AC089F}.Debug|Any CPU.Build.0 = Debug|Any CPU
		{BA5A2BF5-1CCE-4984-913E-4D9BF3AC089F}.Debug|x64.ActiveCfg = Debug|Any CPU
		{BA5A2BF5-1CCE-4984-913E-4D9BF3AC089F}.Debug|x64.Build.0 = Debug|Any CPU
		{BA5A2BF5-1CCE-4984-913E-4D9BF3AC089F}.Debug|x86.ActiveCfg = Debug|Any CPU
		{BA5A2BF5-1CCE-4984-913E-4D9BF3AC089F}.Debug|x86.Build.0 = Debug|Any CPU
		{BA5A2BF5-1CCE-4984-913E-4D9BF3AC089F}.Release|Any CPU.ActiveCfg = Release|Any CPU
		{BA5A2BF5-1CCE-4984-913E-4D9BF3AC089F}.Release|Any CPU.Build.0 = Release|Any CPU
		{BA5A2BF5-1CCE-4984-913E-4D9BF3AC089F}.Release|x64.ActiveCfg = Release|Any CPU
		{BA5A2BF5-1CCE-4984-913E-4D9BF3AC089F}.Release|x64.Build.0 = Release|Any CPU
		{BA5A2BF5-1CCE-4984-913E-4D9BF3AC089F}.Release|x86.ActiveCfg = Release|Any CPU
		{BA5A2BF5-1CCE-4984-913E-4D9BF3AC089F}.Release|x86.Build.0 = Release|Any CPU
		{01BAF28A-AD7E-45A7-975B-CAAC0D15E950}.Debug|Any CPU.ActiveCfg = Debug|Any CPU
		{01BAF28A-AD7E-45A7-975B-CAAC0D15E950}.Debug|Any CPU.Build.0 = Debug|Any CPU
		{01BAF28A-AD7E-45A7-975B-CAAC0D15E950}.Debug|x64.ActiveCfg = Debug|Any CPU
		{01BAF28A-AD7E-45A7-975B-CAAC0D15E950}.Debug|x64.Build.0 = Debug|Any CPU
		{01BAF28A-AD7E-45A7-975B-CAAC0D15E950}.Debug|x86.ActiveCfg = Debug|Any CPU
		{01BAF28A-AD7E-45A7-975B-CAAC0D15E950}.Debug|x86.Build.0 = Debug|Any CPU
		{01BAF28A-AD7E-45A7-975B-CAAC0D15E950}.Release|Any CPU.ActiveCfg = Release|Any CPU
		{01BAF28A-AD7E-45A7-975B-CAAC0D15E950}.Release|Any CPU.Build.0 = Release|Any CPU
		{01BAF28A-AD7E-45A7-975B-CAAC0D15E950}.Release|x64.ActiveCfg = Release|Any CPU
		{01BAF28A-AD7E-45A7-975B-CAAC0D15E950}.Release|x64.Build.0 = Release|Any CPU
		{01BAF28A-AD7E-45A7-975B-CAAC0D15E950}.Release|x86.ActiveCfg = Release|Any CPU
		{01BAF28A-AD7E-45A7-975B-CAAC0D15E950}.Release|x86.Build.0 = Release|Any CPU
		{32651E31-9E0A-4431-8106-F3A1554E5612}.Debug|Any CPU.ActiveCfg = Debug|Any CPU
		{32651E31-9E0A-4431-8106-F3A1554E5612}.Debug|Any CPU.Build.0 = Debug|Any CPU
		{32651E31-9E0A-4431-8106-F3A1554E5612}.Debug|x64.ActiveCfg = Debug|Any CPU
		{32651E31-9E0A-4431-8106-F3A1554E5612}.Debug|x64.Build.0 = Debug|Any CPU
		{32651E31-9E0A-4431-8106-F3A1554E5612}.Debug|x86.ActiveCfg = Debug|Any CPU
		{32651E31-9E0A-4431-8106-F3A1554E5612}.Debug|x86.Build.0 = Debug|Any CPU
		{32651E31-9E0A-4431-8106-F3A1554E5612}.Release|Any CPU.ActiveCfg = Release|Any CPU
		{32651E31-9E0A-4431-8106-F3A1554E5612}.Release|Any CPU.Build.0 = Release|Any CPU
		{32651E31-9E0A-4431-8106-F3A1554E5612}.Release|x64.ActiveCfg = Release|Any CPU
		{32651E31-9E0A-4431-8106-F3A1554E5612}.Release|x64.Build.0 = Release|Any CPU
		{32651E31-9E0A-4431-8106-F3A1554E5612}.Release|x86.ActiveCfg = Release|Any CPU
		{32651E31-9E0A-4431-8106-F3A1554E5612}.Release|x86.Build.0 = Release|Any CPU
		{43995D5C-4ACB-4218-A4DE-A0EC6484C63A}.Debug|Any CPU.ActiveCfg = Debug|Any CPU
		{43995D5C-4ACB-4218-A4DE-A0EC6484C63A}.Debug|Any CPU.Build.0 = Debug|Any CPU
		{43995D5C-4ACB-4218-A4DE-A0EC6484C63A}.Debug|x64.ActiveCfg = Debug|Any CPU
		{43995D5C-4ACB-4218-A4DE-A0EC6484C63A}.Debug|x64.Build.0 = Debug|Any CPU
		{43995D5C-4ACB-4218-A4DE-A0EC6484C63A}.Debug|x86.ActiveCfg = Debug|Any CPU
		{43995D5C-4ACB-4218-A4DE-A0EC6484C63A}.Debug|x86.Build.0 = Debug|Any CPU
		{43995D5C-4ACB-4218-A4DE-A0EC6484C63A}.Release|Any CPU.ActiveCfg = Release|Any CPU
		{43995D5C-4ACB-4218-A4DE-A0EC6484C63A}.Release|Any CPU.Build.0 = Release|Any CPU
		{43995D5C-4ACB-4218-A4DE-A0EC6484C63A}.Release|x64.ActiveCfg = Release|Any CPU
		{43995D5C-4ACB-4218-A4DE-A0EC6484C63A}.Release|x64.Build.0 = Release|Any CPU
		{43995D5C-4ACB-4218-A4DE-A0EC6484C63A}.Release|x86.ActiveCfg = Release|Any CPU
		{43995D5C-4ACB-4218-A4DE-A0EC6484C63A}.Release|x86.Build.0 = Release|Any CPU
		{7A3C224F-3440-403E-BFB5-1A94F7586832}.Debug|Any CPU.ActiveCfg = Debug|Any CPU
		{7A3C224F-3440-403E-BFB5-1A94F7586832}.Debug|Any CPU.Build.0 = Debug|Any CPU
		{7A3C224F-3440-403E-BFB5-1A94F7586832}.Debug|x64.ActiveCfg = Debug|Any CPU
		{7A3C224F-3440-403E-BFB5-1A94F7586832}.Debug|x64.Build.0 = Debug|Any CPU
		{7A3C224F-3440-403E-BFB5-1A94F7586832}.Debug|x86.ActiveCfg = Debug|Any CPU
		{7A3C224F-3440-403E-BFB5-1A94F7586832}.Debug|x86.Build.0 = Debug|Any CPU
		{7A3C224F-3440-403E-BFB5-1A94F7586832}.Release|Any CPU.ActiveCfg = Release|Any CPU
		{7A3C224F-3440-403E-BFB5-1A94F7586832}.Release|Any CPU.Build.0 = Release|Any CPU
		{7A3C224F-3440-403E-BFB5-1A94F7586832}.Release|x64.ActiveCfg = Release|Any CPU
		{7A3C224F-3440-403E-BFB5-1A94F7586832}.Release|x64.Build.0 = Release|Any CPU
		{7A3C224F-3440-403E-BFB5-1A94F7586832}.Release|x86.ActiveCfg = Release|Any CPU
		{7A3C224F-3440-403E-BFB5-1A94F7586832}.Release|x86.Build.0 = Release|Any CPU
		{B0A3888B-8FD7-4586-A59D-5786C6520A64}.Debug|Any CPU.ActiveCfg = Debug|Any CPU
		{B0A3888B-8FD7-4586-A59D-5786C6520A64}.Debug|Any CPU.Build.0 = Debug|Any CPU
		{B0A3888B-8FD7-4586-A59D-5786C6520A64}.Debug|x64.ActiveCfg = Debug|Any CPU
		{B0A3888B-8FD7-4586-A59D-5786C6520A64}.Debug|x64.Build.0 = Debug|Any CPU
		{B0A3888B-8FD7-4586-A59D-5786C6520A64}.Debug|x86.ActiveCfg = Debug|Any CPU
		{B0A3888B-8FD7-4586-A59D-5786C6520A64}.Debug|x86.Build.0 = Debug|Any CPU
		{B0A3888B-8FD7-4586-A59D-5786C6520A64}.Release|Any CPU.ActiveCfg = Release|Any CPU
		{B0A3888B-8FD7-4586-A59D-5786C6520A64}.Release|Any CPU.Build.0 = Release|Any CPU
		{B0A3888B-8FD7-4586-A59D-5786C6520A64}.Release|x64.ActiveCfg = Release|Any CPU
		{B0A3888B-8FD7-4586-A59D-5786C6520A64}.Release|x64.Build.0 = Release|Any CPU
		{B0A3888B-8FD7-4586-A59D-5786C6520A64}.Release|x86.ActiveCfg = Release|Any CPU
		{B0A3888B-8FD7-4586-A59D-5786C6520A64}.Release|x86.Build.0 = Release|Any CPU
	EndGlobalSection
	GlobalSection(SolutionProperties) = preSolution
		HideSolutionNode = FALSE
	EndGlobalSection
	GlobalSection(NestedProjects) = preSolution
		{F1A37AFE-3E00-4A8F-96F5-14C9A9713648} = {D751C52A-13D1-4011-8141-CC40DEAF8DD6}
		{7F203FC4-EEF5-4640-A00C-54537933CB60} = {97D4F0F0-CE67-40BA-8D02-F5C4C35C0316}
		{B3C333FD-F115-4D66-B7D4-381D33647F59} = {D751C52A-13D1-4011-8141-CC40DEAF8DD6}
		{BDE47050-82BC-46D8-87A1-6B14D1E10C64} = {97D4F0F0-CE67-40BA-8D02-F5C4C35C0316}
		{48F2CD83-B3F1-4647-93AD-7490416B6F5B} = {1D81969C-7F54-4C2C-B436-3704DBA7AA6F}
		{8D0420D2-CC28-45A4-BD12-6C13679E550B} = {02EA681E-C7D8-13C7-8484-4AC65E1B71E8}
		{D751C52A-13D1-4011-8141-CC40DEAF8DD6} = {8D0420D2-CC28-45A4-BD12-6C13679E550B}
		{97D4F0F0-CE67-40BA-8D02-F5C4C35C0316} = {8D0420D2-CC28-45A4-BD12-6C13679E550B}
		{05B9E164-6C65-4CB9-B0CC-D553A2260A53} = {8D0420D2-CC28-45A4-BD12-6C13679E550B}
		{3D63F5AB-77A4-44D0-ADDE-2A53DE5BB4A6} = {8D0420D2-CC28-45A4-BD12-6C13679E550B}
		{D57381C2-EC8E-4BFB-8F48-F789F2B960EE} = {3D63F5AB-77A4-44D0-ADDE-2A53DE5BB4A6}
		{171B6086-B5D4-4398-80B0-50AC14C1C122} = {3D63F5AB-77A4-44D0-ADDE-2A53DE5BB4A6}
		{A930765A-96DE-4640-8CBB-936A5F5E61F7} = {05B9E164-6C65-4CB9-B0CC-D553A2260A53}
		{8BDEE57A-1E37-489C-8B5F-09E308B0CCC7} = {05B9E164-6C65-4CB9-B0CC-D553A2260A53}
		{BA5A2BF5-1CCE-4984-913E-4D9BF3AC089F} = {02EA681E-C7D8-13C7-8484-4AC65E1B71E8}
		{01BAF28A-AD7E-45A7-975B-CAAC0D15E950} = {02EA681E-C7D8-13C7-8484-4AC65E1B71E8}
		{1D81969C-7F54-4C2C-B436-3704DBA7AA6F} = {1277EFD5-C57E-4BEF-92E1-983FB18031A6}
		{32651E31-9E0A-4431-8106-F3A1554E5612} = {1D81969C-7F54-4C2C-B436-3704DBA7AA6F}
		{43995D5C-4ACB-4218-A4DE-A0EC6484C63A} = {1D81969C-7F54-4C2C-B436-3704DBA7AA6F}
		{7A3C224F-3440-403E-BFB5-1A94F7586832} = {1D81969C-7F54-4C2C-B436-3704DBA7AA6F}
		{B0A3888B-8FD7-4586-A59D-5786C6520A64} = {66320409-64EC-F7C5-3DEF-65E7510DAAD1}
	EndGlobalSection
	GlobalSection(ExtensibilityGlobals) = postSolution
		SolutionGuid = {787F014E-2270-4948-92A3-53E9172F2365}
	EndGlobalSection
EndGlobal
